{
  "name": "@codex-skill/playwright-cli-runtime",
  "lockfileVersion": 3,
  "requires": true,
  "packages": {
    "": {
      "name": "@codex-skill/playwright-cli-runtime",
      "dependencies": {
        "@playwright/cli": "0.1.5"
      }
    },
    "node_modules/@playwright/cli": {
      "version": "0.1.5",
      "resolved": "https://registry.npmjs.org/@playwright/cli/-/cli-0.1.5.tgz",
      "integrity": "sha512-UsvKLL3f3vqDJg/nbmTCXnpj5l92ma75Rl1r8G4Y3qIBMC7kitZV3bc52JtbPe1kaFSU/flJzpdwAVykSRm43w==",
      "license": "Apache-2.0",
      "dependencies": {
        "minimist": "^1.2.5",
        "playwright": "1.60.0-alpha-1775237291000"
      },
      "bin": {
        "playwright-cli": "playwright-cli.js"
      },
      "engines": {
        "node": ">=18"
      }
    },
    "node_modules/fsevents": {
      "version": "2.3.2",
      "resolved": "https://registry.npmjs.org/fsevents/-/fsevents-2.3.2.tgz",
      "integrity": "sha512-xiqMQR4xAeHTuB9uWm+fFRcIOgKBMiOBP+eXiyT7jsgVCq1bkVygt00oASowB7EdtpOHaaPgKt812P9ab+DDKA==",
      "hasInstallScript": true,
      "license": "MIT",
      "optional": true,
      "os": [
        "darwin"
      ],
      "engines": {
        "node": "^8.16.0 || ^10.6.0 || >=11.0.0"
      }
    },
    "node_modules/minimist": {
      "version": "1.2.8",
      "resolved": "https://registry.npmjs.org/minimist/-/minimist-1.2.8.tgz",
      "integrity": "sha512-2yyAR8qBkN3YuheJanUpWC5U3bb5osDywNB8RzDVlDwDHbocAJveqqj1u8+SVD7jkWT4yvsHCpWqqWqAxb0zCA==",
      "license": "MIT",
      "funding": {
        "url": "https://github.com/sponsors/ljharb"
      }
    },
    "node_modules/playwright": {
      "version": "1.60.0-alpha-1775237291000",
      "resolved": "https://registry.npmjs.org/playwright/-/playwright-1.60.0-alpha-1775237291000.tgz",
      "integrity": "sha512-WU8VBPknldUr2NePq/AR+4Fh6UjVEwYiEoNngPM3ItpB9Pobqcsn5n7Zk2unVykuBG9FUs3sW18dqFj8fh3FEQ==",
      "license": "Apache-2.0",
      "dependencies": {
        "playwright-core": "1.60.0-alpha-1775237291000"
      },
      "bin": {
        "playwright": "cli.js"
      },
      "engines": {
        "node": ">=18"
      },
      "optionalDependencies": {
        "fsevents": "2.3.2"
      }
    },
    "node_modules/playwright-core": {
      "version": "1.60.0-alpha-1775237291000",
      "resolved": "https://registry.npmjs.org/playwright-core/-/playwright-core-1.60.0-alpha-1775237291000.tgz",
      "integrity": "sha512-pH1BxJ0wIAfJSMeDXOW1ExjayMQ37BDXrTL6iX7kPxjIbf4EHkTQyaO9PrLfsf+NenOvQbwK5oPUQ/99xpMcyw==",
      "license": "Apache-2.0",
      "bin": {
        "playwright-core": "cli.js"
      },
      "engines": {
        "node": ">=18"
      }
    }
  }
}
